// !$*UTF8*$!
{
	archiveVersion = 1;
	classes = {
	};
	objectVersion = 50;
	objects = {

/* Begin PBXBuildFile section */
		227E2E8022B50FA100AD56CB /* BitcoinRateVC.swift in Sources */ = {isa = PBXBuildFile; fileRef = 227E2E7F22B50FA100AD56CB /* BitcoinRateVC.swift */; };
		22AFB07822B3BD0A0059A2A8 /* AppDelegate.swift in Sources */ = {isa = PBXBuildFile; fileRef = 22AFB07722B3BD0A0059A2A8 /* AppDelegate.swift */; };
		22AFB07D22B3BD0A0059A2A8 /* Main.storyboard in Resources */ = {isa = PBXBuildFile; fileRef = 22AFB07B22B3BD0A0059A2A8 /* Main.storyboard */; };
		22AFB07F22B3BD0C0059A2A8 /* Assets.xcassets in Resources */ = {isa = PBXBuildFile; fileRef = 22AFB07E22B3BD0C0059A2A8 /* Assets.xcassets */; };
		22AFB08222B3BD0C0059A2A8 /* LaunchScreen.storyboard in Resources */ = {isa = PBXBuildFile; fileRef = 22AFB08022B3BD0C0059A2A8 /* LaunchScreen.storyboard */; };
		22AFB08B22B3C10C0059A2A8 /* Currency.swift in Sources */ = {isa = PBXBuildFile; fileRef = 22AFB08A22B3C10C0059A2A8 /* Currency.swift */; };
		22AFB09022B3C2F00059A2A8 /* NetworkService.swift in Sources */ = {isa = PBXBuildFile; fileRef = 22AFB08F22B3C2F00059A2A8 /* NetworkService.swift */; };
		22AFB09222B3C3530059A2A8 /* Constants.swift in Sources */ = {isa = PBXBuildFile; fileRef = 22AFB09122B3C3530059A2A8 /* Constants.swift */; };
/* End PBXBuildFile section */

/* Begin PBXFileReference section */
		227E2E7F22B50FA100AD56CB /* BitcoinRateVC.swift */ = {isa = PBXFileReference; lastKnownFileType = sourcecode.swift; path = BitcoinRateVC.swift; sourceTree = "<group>"; };
		22AFB07422B3BD0A0059A2A8 /* BitcoinRate.app */ = {isa = PBXFileReference; explicitFileType = wrapper.application; includeInIndex = 0; path = BitcoinRate.app; sourceTree = BUILT_PRODUCTS_DIR; };
		22AFB07722B3BD0A0059A2A8 /* AppDelegate.swift */ = {isa = PBXFileReference; lastKnownFileType = sourcecode.swift; path = AppDelegate.swift; sourceTree = "<group>"; };
		22AFB07C22B3BD0A0059A2A8 /* Base */ = {isa = PBXFileReference; lastKnownFileType = file.storyboard; name = Base; path = Base.lproj/Main.storyboard; sourceTree = "<group>"; };
		22AFB07E22B3BD0C0059A2A8 /* Assets.xcassets */ = {isa = PBXFileReference; lastKnownFileType = folder.assetcatalog; path = Assets.xcassets; sourceTree = "<group>"; };
		22AFB08122B3BD0C0059A2A8 /* Base */ = {isa = PBXFileReference; lastKnownFileType = file.storyboard; name = Base; path = Base.lproj/LaunchScreen.storyboard; sourceTree = "<group>"; };
		22AFB08322B3BD0C0059A2A8 /* Info.plist */ = {isa = PBXFileReference; lastKnownFileType = text.plist.xml; path = Info.plist; sourceTree = "<group>"; };
		22AFB08A22B3C10C0059A2A8 /* Currency.swift */ = {isa = PBXFileReference; lastKnownFileType = sourcecode.swift; path = Currency.swift; sourceTree = "<group>"; };
		22AFB08F22B3C2F00059A2A8 /* NetworkService.swift */ = {isa = PBXFileReference; lastKnownFileType = sourcecode.swift; path = NetworkService.swift; sourceTree = "<group>"; };
		22AFB09122B3C3530059A2A8 /* Constants.swift */ = {isa = PBXFileReference; lastKnownFileType = sourcecode.swift; path = Constants.swift; sourceTree = "<group>"; };
/* End PBXFileReference section */

/* Begin PBXFrameworksBuildPhase section */
		22AFB07122B3BD0A0059A2A8 /* Frameworks */ = {
			isa = PBXFrameworksBuildPhase;
			buildActionMask = 2147483647;
			files = (
			);
			runOnlyForDeploymentPostprocessing = 0;
		};
/* End PBXFrameworksBuildPhase section */

/* Begin PBXGroup section */
		22AFB06B22B3BD0A0059A2A8 = {
			isa = PBXGroup;
			children = (
				22AFB07622B3BD0A0059A2A8 /* BitcoinRate */,
				22AFB07522B3BD0A0059A2A8 /* Products */,
			);
			sourceTree = "<group>";
		};
		22AFB07522B3BD0A0059A2A8 /* Products */ = {
			isa = PBXGroup;
			children = (
				22AFB07422B3BD0A0059A2A8 /* BitcoinRate.app */,
			);
			name = Products;
			sourceTree = "<group>";
		};
		22AFB07622B3BD0A0059A2A8 /* BitcoinRate */ = {
			isa = PBXGroup;
			children = (
				22AFB08E22B3C2040059A2A8 /* Service */,
				22AFB08D22B3C1FE0059A2A8 /* Controller */,
				22AFB08C22B3C1F20059A2A8 /* View */,
				22AFB08922B3C0F70059A2A8 /* Model */,
				22AFB07722B3BD0A0059A2A8 /* AppDelegate.swift */,
				22AFB07B22B3BD0A0059A2A8 /* Main.storyboard */,
				22AFB07E22B3BD0C0059A2A8 /* Assets.xcassets */,
				22AFB08022B3BD0C0059A2A8 /* LaunchScreen.storyboard */,
				22AFB08322B3BD0C0059A2A8 /* Info.plist */,
			);
			path = BitcoinRate;
			sourceTree = "<group>";
		};
		22AFB08922B3C0F70059A2A8 /* Model */ = {
			isa = PBXGroup;
			children = (
				22AFB08A22B3C10C0059A2A8 /* Currency.swift */,
				22AFB09122B3C3530059A2A8 /* Constants.swift */,
			);
			path = Model;
			sourceTree = "<group>";
		};
		22AFB08C22B3C1F20059A2A8 /* View */ = {
			isa = PBXGroup;
			children = (
			);
			path = View;
			sourceTree = "<group>";
		};
		22AFB08D22B3C1FE0059A2A8 /* Controller */ = {
			isa = PBXGroup;
			children = (
				227E2E7F22B50FA100AD56CB /* BitcoinRateVC.swift */,
			);
			path = Controller;
			sourceTree = "<group>";
		};
		22AFB08E22B3C2040059A2A8 /* Service */ = {
			isa = PBXGroup;
			children = (
				22AFB08F22B3C2F00059A2A8 /* NetworkService.swift */,
			);
			path = Service;
			sourceTree = "<group>";
		};
/* End PBXGroup section */

/* Begin PBXNativeTarget section */
		22AFB07322B3BD0A0059A2A8 /* BitcoinRate */ = {
			isa = PBXNativeTarget;
			buildConfigurationList = 22AFB08622B3BD0C0059A2A8 /* Build configuration list for PBXNativeTarget "BitcoinRate" */;
			buildPhases = (
				22AFB07022B3BD0A0059A2A8 /* Sources */,
				22AFB07122B3BD0A0059A2A8 /* Frameworks */,
				22AFB07222B3BD0A0059A2A8 /* Resources */,
			);
			buildRules = (
			);
			dependencies = (
			);
			name = BitcoinRate;
			productName = BitcoinRate;
			productReference = 22AFB07422B3BD0A0059A2A8 /* BitcoinRate.app */;
			productType = "com.apple.product-type.application";
		};
/* End PBXNativeTarget section */

/* Begin PBXProject section */
		22AFB06C22B3BD0A0059A2A8 /* Project object */ = {
			isa = PBXProject;
			attributes = {
				LastSwiftUpdateCheck = 1020;
				LastUpgradeCheck = 1020;
				ORGANIZATIONNAME = BitcoinRate;
				TargetAttributes = {
					22AFB07322B3BD0A0059A2A8 = {
						CreatedOnToolsVersion = 10.2.1;
					};
				};
			};
			buildConfigurationList = 22AFB06F22B3BD0A0059A2A8 /* Build configuration list for PBXProject "BitcoinRate" */;
			compatibilityVersion = "Xcode 9.3";
			developmentRegion = en;
			hasScannedForEncodings = 0;
			knownRegions = (
				en,
				Base,
			);
			mainGroup = 22AFB06B22B3BD0A0059A2A8;
			productRefGroup = 22AFB07522B3BD0A0059A2A8 /* Products */;
			projectDirPath = "";
			projectRoot = "";
			targets = (
				22AFB07322B3BD0A0059A2A8 /* BitcoinRate */,
			);
		};
/* End PBXProject section */

/* Begin PBXResourcesBuildPhase section */
		22AFB07222B3BD0A0059A2A8 /* Resources */ = {
			isa = PBXResourcesBuildPhase;
			buildActionMask = 2147483647;
			files = (
				22AFB08222B3BD0C0059A2A8 /* LaunchScreen.storyboard in Resources */,
				22AFB07F22B3BD0C0059A2A8 /* Assets.xcassets in Resources */,
				22AFB07D22B3BD0A0059A2A8 /* Main.storyboard in Resources */,
			);
			runOnlyForDeploymentPostprocessing = 0;
		};
/* End PBXResourcesBuildPhase section */

/* Begin PBXSourcesBuildPhase section */
		22AFB07022B3BD0A0059A2A8 /* Sources */ = {
			isa = PBXSourcesBuildPhase;
			buildActionMask = 2147483647;
			files = (
				22AFB08B22B3C10C0059A2A8 /* Currency.swift in Sources */,
				22AFB09022B3C2F00059A2A8 /* NetworkService.swift in Sources */,
				22AFB07822B3BD0A0059A2A8 /* AppDelegate.swift in Sources */,
				227E2E8022B50FA100AD56CB /* BitcoinRateVC.swift in Sources */,
				22AFB09222B3C3530059A2A8 /* Constants.swift in Sources */,
			);
			runOnlyForDeploymentPostprocessing = 0;
		};
/* End PBXSourcesBuildPhase section */

/* Begin PBXVariantGroup section */
		22AFB07B22B3BD0A0059A2A8 /* Main.storyboard */ = {
			isa = PBXVariantGroup;
			children = (
				22AFB07C22B3BD0A0059A2A8 /* Base */,
			);
			name = Main.storyboard;
			sourceTree = "<group>";
		};
		22AFB08022B3BD0C0059A2A8 /* LaunchScreen.storyboard */ = {
			isa = PBXVariantGroup;
			children = (
				22AFB08122B3BD0C0059A2A8 /* Base */,
			);
			name = LaunchScreen.storyboard;
			sourceTree = "<group>";
		};
/* End PBXVariantGroup section */

/* Begin XCBuildConfiguration section */
		22AFB08422B3BD0C0059A2A8 /* Debug */ = {
			isa = XCBuildConfiguration;
			buildSettings = {
				ALWAYS_SEARCH_USER_PATHS = NO;
				CLANG_ANALYZER_NONNULL = YES;
				CLANG_ANALYZER_NUMBER_OBJECT_CONVERSION = YES_AGGRESSIVE;
				CLANG_CXX_LANGUAGE_STANDARD = "gnu++14";
				CLANG_CXX_LIBRARY = "libc++";
				CLANG_ENABLE_MODULES = YES;
				CLANG_ENABLE_OBJC_ARC = YES;
				CLANG_ENABLE_OBJC_WEAK = YES;
				CLANG_WARN_BLOCK_CAPTURE_AUTORELEASING = YES;
				CLANG_WARN_BOOL_CONVERSION = YES;
				CLANG_WARN_COMMA = YES;
				CLANG_WARN_CONSTANT_CONVERSION = YES;
				CLANG_WARN_DEPRECATED_OBJC_IMPLEMENTATIONS = YES;
				CLANG_WARN_DIRECT_OBJC_ISA_USAGE = YES_ERROR;
				CLANG_WARN_DOCUMENTATION_COMMENTS = YES;
				CLANG_WARN_EMPTY_BODY = YES;
				CLANG_WARN_ENUM_CONVERSION = YES;
				CLANG_WARN_INFINITE_RECURSION = YES;
				CLANG_WARN_INT_CONVERSION = YES;
				CLANG_WARN_NON_LITERAL_NULL_CONVERSION = YES;
				CLANG_WARN_OBJC_IMPLICIT_RETAIN_SELF = YES;
				CLANG_WARN_OBJC_LITERAL_CONVERSION = YES;
				CLANG_WARN_OBJC_ROOT_CLASS = YES_ERROR;
				CLANG_WARN_RANGE_LOOP_ANALYSIS = YES;
				CLANG_WARN_STRICT_PROTOTYPES = YES;
				CLANG_WARN_SUSPICIOUS_MOVE = YES;
				CLANG_WARN_UNGUARDED_AVAILABILITY = YES_AGGRESSIVE;
				CLANG_WARN_UNREACHABLE_CODE = YES;
				CLANG_WARN__DUPLICATE_METHOD_MATCH = YES;
				CODE_SIGN_IDENTITY = "iPhone Developer";
				COPY_PHASE_STRIP = NO;
				DEBUG_INFORMATION_FORMAT = dwarf;
				ENABLE_STRICT_OBJC_MSGSEND = YES;
				ENABLE_TESTABILITY = YES;
				GCC_C_LANGUAGE_STANDARD = gnu11;
				GCC_DYNAMIC_NO_PIC = NO;
				GCC_NO_COMMON_BLOCKS = YES;
				GCC_OPTIMIZATION_LEVEL = 0;
				GCC_PREPROCESSOR_DEFINITIONS = (
					"DEBUG=1",
					"$(inherited)",
				);
				GCC_WARN_64_TO_32_BIT_CONVERSION = YES;
				GCC_WARN_ABOUT_RETURN_TYPE = YES_ERROR;
				GCC_WARN_UNDECLARED_SELECTOR = YES;
				GCC_WARN_UNINITIALIZED_AUTOS = YES_AGGRESSIVE;
				GCC_WARN_UNUSED_FUNCTION = YES;
				GCC_WARN_UNUSED_VARIABLE = YES;
				IPHONEOS_DEPLOYMENT_TARGET = 12.2;
				MTL_ENABLE_DEBUG_INFO = INCLUDE_SOURCE;
				MTL_FAST_MATH = YES;
				ONLY_ACTIVE_ARCH = YES;
				SDKROOT = iphoneos;
				SWIFT_ACTIVE_COMPILATION_CONDITIONS = DEBUG;
				SWIFT_OPTIMIZATION_LEVEL = "-Onone";
			};
			name = Debug;
		};
		22AFB08522B3BD0C0059A2A8 /* Release */ = {
			isa = XCBuildConfiguration;
			buildSettings = {
				ALWAYS_SEARCH_USER_PATHS = NO;
				CLANG_ANALYZER_NONNULL = YES;
				CLANG_ANALYZER_NUMBER_OBJECT_CONVERSION = YES_AGGRESSIVE;
				CLANG_CXX_LANGUAGE_STANDARD = "gnu++14";
				CLANG_CXX_LIBRARY = "libc++";
				CLANG_ENABLE_MODULES = YES;
				CLANG_ENABLE_OBJC_ARC = YES;
				CLANG_ENABLE_OBJC_WEAK = YES;
				CLANG_WARN_BLOCK_CAPTURE_AUTORELEASING = YES;
				CLANG_WARN_BOOL_CONVERSION = YES;
				CLANG_WARN_COMMA = YES;
				CLANG_WARN_CONSTANT_CONVERSION = YES;
				CLANG_WARN_DEPRECATED_OBJC_IMPLEMENTATIONS = YES;
				CLANG_WARN_DIRECT_OBJC_ISA_USAGE = YES_ERROR;
				CLANG_WARN_DOCUMENTATION_COMMENTS = YES;
				CLANG_WARN_EMPTY_BODY = YES;
				CLANG_WARN_ENUM_CONVERSION = YES;
				CLANG_WARN_INFINITE_RECURSION = YES;
				CLANG_WARN_INT_CONVERSION = YES;
				CLANG_WARN_NON_LITERAL_NULL_CONVERSION = YES;
				CLANG_WARN_OBJC_IMPLICIT_RETAIN_SELF = YES;
				CLANG_WARN_OBJC_LITERAL_CONVERSION = YES;
				CLANG_WARN_OBJC_ROOT_CLASS = YES_ERROR;
				CLANG_WARN_RANGE_LOOP_ANALYSIS = YES;
				CLANG_WARN_STRICT_PROTOTYPES = YES;
				CLANG_WARN_SUSPICIOUS_MOVE = YES;
				CLANG_WARN_UNGUARDED_AVAILABILITY = YES_AGGRESSIVE;
				CLANG_WARN_UNREACHABLE_CODE = YES;
				CLANG_WARN__DUPLICATE_METHOD_MATCH = YES;
				CODE_SIGN_IDENTITY = "iPhone Developer";
				COPY_PHASE_STRIP = NO;
				DEBUG_INFORMATION_FORMAT = "dwarf-with-dsym";
				ENABLE_NS_ASSERTIONS = NO;
				ENABLE_STRICT_OBJC_MSGSEND = YES;
				GCC_C_LANGUAGE_STANDARD = gnu11;
				GCC_NO_COMMON_BLOCKS = YES;
				GCC_WARN_64_TO_32_BIT_CONVERSION = YES;
				GCC_WARN_ABOUT_RETURN_TYPE = YES_ERROR;
				GCC_WARN_UNDECLARED_SELECTOR = YES;
				GCC_WARN_UNINITIALIZED_AUTOS = YES_AGGRESSIVE;
				GCC_WARN_UNUSED_FUNCTION = YES;
				GCC_WARN_UNUSED_VARIABLE = YES;
				IPHONEOS_DEPLOYMENT_TARGET = 12.2;
				MTL_ENABLE_DEBUG_INFO = NO;
				MTL_FAST_MATH = YES;
				SDKROOT = iphoneos;
				SWIFT_COMPILATION_MODE = wholemodule;
				SWIFT_OPTIMIZATION_LEVEL = "-O";
				VALIDATE_PRODUCT = YES;
			};
			name = Release;
		};
		22AFB08722B3BD0C0059A2A8 /* Debug */ = {
			isa = XCBuildConfiguration;
			buildSettings = {
				ASSETCATALOG_COMPILER_APPICON_NAME = AppIcon;
				CODE_SIGN_STYLE = Automatic;
				DEVELOPMENT_TEAM = GJ654J93NT;
				INFOPLIST_FILE = BitcoinRate/Info.plist;
				LD_RUNPATH_SEARCH_PATHS = (
					"$(inherited)",
					"@executable_path/Frameworks",
				);
				PRODUCT_BUNDLE_IDENTIFIER = sp.local.BitcoinRate;
				PRODUCT_NAME = "$(TARGET_NAME)";
				SWIFT_VERSION = 5.0;
				TARGETED_DEVICE_FAMILY = "1,2";
			};
			name = Debug;
		};
		22AFB08822B3BD0C0059A2A8 /* Release */ = {
			isa = XCBuildConfiguration;
			buildSettings = {
				ASSETCATALOG_COMPILER_APPICON_NAME = AppIcon;
				CODE_SIGN_STYLE = Automatic;
				DEVELOPMENT_TEAM = GJ654J93NT;
				INFOPLIST_FILE = BitcoinRate/Info.plist;
				LD_RUNPATH_SEARCH_PATHS = (
					"$(inherited)",
					"@executable_path/Frameworks",
				);
				PRODUCT_BUNDLE_IDENTIFIER = sp.local.BitcoinRate;
				PRODUCT_NAME = "$(TARGET_NAME)";
				SWIFT_VERSION = 5.0;
				TARGETED_DEVICE_FAMILY = "1,2";
			};
			name = Release;
		};
/* End XCBuildConfiguration section */

/* Begin XCConfigurationList section */
		22AFB06F22B3BD0A0059A2A8 /* Build configuration list for PBXProject "BitcoinRate" */ = {
			isa = XCConfigurationList;
			buildConfigurations = (
				22AFB08422B3BD0C0059A2A8 /* Debug */,
				22AFB08522B3BD0C0059A2A8 /* Release */,
			);
			defaultConfigurationIsVisible = 0;
			defaultConfigurationName = Release;
		};
		22AFB08622B3BD0C0059A2A8 /* Build configuration list for PBXNativeTarget "BitcoinRate" */ = {
			isa = XCConfigurationList;
			buildConfigurations = (
				22AFB08722B3BD0C0059A2A8 /* Debug */,
				22AFB08822B3BD0C0059A2A8 /* Release */,
			);
			defaultConfigurationIsVisible = 0;
			defaultConfigurationName = Release;
		};
/* End XCConfigurationList section */
	};
	rootObject = 22AFB06C22B3BD0A0059A2A8 /* Project object */;
}
